
Microsoft Visual Studio Solution File, Format Version 11.00
# Visual Studio 2010
Project("{FAE04EC0-301F-11D3-BF4B-00C04F79EFBC}") = "MiniMediaPlayer", "MiniMediaPlayer\MiniMediaPlayer.csproj", "{4687b672-786f-4a58-bc95-000016e4b5b6}"
EndProject
Global
	GlobalSection(SolutionConfigurationPlatforms) = preSolution
		Debug|Any CPU = Debug|Any CPU
		Release|Any CPU = Release|Any CPU
	EndGlobalSection
	GlobalSection(ProjectConfigurationPlatforms) = postSolution
		{4687B672-786F-4A58-BC95-000016E4B5B6}.Debug|Any CPU.ActiveCfg = Debug|Any CPU
		{4687B672-786F-4A58-BC95-000016E4B5B6}.Debug|Any CPU.Build.0 = Debug|Any CPU
		{4687B672-786F-4A58-BC95-000016E4B5B6}.Release|Any CPU.ActiveCfg = Release|Any CPU
		{4687B672-786F-4A58-BC95-000016E4B5B6}.Release|Any CPU.Build.0 = Release|Any CPU
	EndGlobalSection
EndGlobal
